
Microsoft Visual Studio Solution File, Format Version 12.00
# Visual Studio Version 17
VisualStudioVersion = 17.6.33815.320
MinimumVisualStudioVersion = 10.0.40219.1
Project("{2150E333-8FDC-42A3-9474-1A3956D46DE8}") = "src", "src", "{30D0AB1A-2FE8-4419-BE35-1B107E6C1977}"
EndProject
Project("{9A19103F-16F7-4668-BE54-9A1E7A4F7556}") = "CoreePower.Net", "src\CoreePower.Net\CoreePower.Net.csproj", "{54C39408-63CB-486F-AFF7-746EF0C725A0}"
EndProject
Project("{9A19103F-16F7-4668-BE54-9A1E7A4F7556}") = "CoreePower.Net.MSTest", "src\CoreePower.Net.MSTest\CoreePower.Net.MSTest.csproj", "{E8846FB7-5F08-4032-A442-F00BD6B24197}"
EndProject
Global
	GlobalSection(SolutionConfigurationPlatforms) = preSolution
		Debug|Any CPU = Debug|Any CPU
		Release|Any CPU = Release|Any CPU
	EndGlobalSection
	GlobalSection(ProjectConfigurationPlatforms) = postSolution
		{54C39408-63CB-486F-AFF7-746EF0C725A0}.Debug|Any CPU.ActiveCfg = Debug|Any CPU
		{54C39408-63CB-486F-AFF7-746EF0C725A0}.Debug|Any CPU.Build.0 = Debug|Any CPU
		{54C39408-63CB-486F-AFF7-746EF0C725A0}.Release|Any CPU.ActiveCfg = Release|Any CPU
		{54C39408-63CB-486F-AFF7-746EF0C725A0}.Release|Any CPU.Build.0 = Release|Any CPU
		{E8846FB7-5F08-4032-A442-F00BD6B24197}.Debug|Any CPU.ActiveCfg = Debug|Any CPU
		{E8846FB7-5F08-4032-A442-F00BD6B24197}.Debug|Any CPU.Build.0 = Debug|Any CPU
		{E8846FB7-5F08-4032-A442-F00BD6B24197}.Release|Any CPU.ActiveCfg = Release|Any CPU
		{E8846FB7-5F08-4032-A442-F00BD6B24197}.Release|Any CPU.Build.0 = Release|Any CPU
	EndGlobalSection
	GlobalSection(SolutionProperties) = preSolution
		HideSolutionNode = FALSE
	EndGlobalSection
	GlobalSection(NestedProjects) = preSolution
		{54C39408-63CB-486F-AFF7-746EF0C725A0} = {30D0AB1A-2FE8-4419-BE35-1B107E6C1977}
		{E8846FB7-5F08-4032-A442-F00BD6B24197} = {30D0AB1A-2FE8-4419-BE35-1B107E6C1977}
	EndGlobalSection
	GlobalSection(ExtensibilityGlobals) = postSolution
		SolutionGuid = {5F0CD255-2E72-4B10-89B7-0AB014D5BD22}
	EndGlobalSection
EndGlobal
